// !$*UTF8*$!
{
	archiveVersion = 1;
	classes = {
	};
	objectVersion = 50;
	objects = {

/* Begin PBXBuildFile section */
		8E166DF92085F2A8004554B3 /* AppDelegate.swift in Sources */ = {isa = PBXBuildFile; fileRef = 8E166DF82085F2A8004554B3 /* AppDelegate.swift */; };
		8E166DFB2085F2A8004554B3 /* ViewController.swift in Sources */ = {isa = PBXBuildFile; fileRef = 8E166DFA2085F2A8004554B3 /* ViewController.swift */; };
		8E166DFE2085F2A8004554B3 /* Main.storyboard in Resources */ = {isa = PBXBuildFile; fileRef = 8E166DFC2085F2A8004554B3 /* Main.storyboard */; };
		8E166E002085F2A9004554B3 /* Assets.xcassets in Resources */ = {isa = PBXBuildFile; fileRef = 8E166DFF2085F2A9004554B3 /* Assets.xcassets */; };
		8E166E032085F2A9004554B3 /* LaunchScreen.storyboard in Resources */ = {isa = PBXBuildFile; fileRef = 8E166E012085F2A9004554B3 /* LaunchScreen.storyboard */; };
		DAD7667118CA2DA83869D242 /* Pods_BeautyCamera.framework in Frameworks */ = {isa = PBXBuildFile; fileRef = 51B54DA2339EA6F911E63700 /* Pods_BeautyCamera.framework */; };
/* End PBXBuildFile section */

/* Begin PBXFileReference section */
		51B54DA2339EA6F911E63700 /* Pods_BeautyCamera.framework */ = {isa = PBXFileReference; explicitFileType = wrapper.framework; includeInIndex = 0; path = Pods_BeautyCamera.framework; sourceTree = BUILT_PRODUCTS_DIR; };
		7001C5CF4D252DC1CAF49DF5 /* Pods-BeautyCamera.debug.xcconfig */ = {isa = PBXFileReference; includeInIndex = 1; lastKnownFileType = text.xcconfig; name = "Pods-BeautyCamera.debug.xcconfig"; path = "Pods/Target Support Files/Pods-BeautyCamera/Pods-BeautyCamera.debug.xcconfig"; sourceTree = "<group>"; };
		8E166DF52085F2A8004554B3 /* BeautyCamera.app */ = {isa = PBXFileReference; explicitFileType = wrapper.application; includeInIndex = 0; path = BeautyCamera.app; sourceTree = BUILT_PRODUCTS_DIR; };
		8E166DF82085F2A8004554B3 /* AppDelegate.swift */ = {isa = PBXFileReference; lastKnownFileType = sourcecode.swift; path = AppDelegate.swift; sourceTree = "<group>"; };
		8E166DFA2085F2A8004554B3 /* ViewController.swift */ = {isa = PBXFileReference; lastKnownFileType = sourcecode.swift; path = ViewController.swift; sourceTree = "<group>"; };
		8E166DFD2085F2A8004554B3 /* Base */ = {isa = PBXFileReference; lastKnownFileType = file.storyboard; name = Base; path = Base.lproj/Main.storyboard; sourceTree = "<group>"; };
		8E166DFF2085F2A9004554B3 /* Assets.xcassets */ = {isa = PBXFileReference; lastKnownFileType = folder.assetcatalog; path = Assets.xcassets; sourceTree = "<group>"; };
		8E166E022085F2A9004554B3 /* Base */ = {isa = PBXFileReference; lastKnownFileType = file.storyboard; name = Base; path = Base.lproj/LaunchScreen.storyboard; sourceTree = "<group>"; };
		8E166E042085F2A9004554B3 /* Info.plist */ = {isa = PBXFileReference; lastKnownFileType = text.plist.xml; path = Info.plist; sourceTree = "<group>"; };
		DF9EFD9355F732481B015113 /* Pods-BeautyCamera.release.xcconfig */ = {isa = PBXFileReference; includeInIndex = 1; lastKnownFileType = text.xcconfig; name = "Pods-BeautyCamera.release.xcconfig"; path = "Pods/Target Support Files/Pods-BeautyCamera/Pods-BeautyCamera.release.xcconfig"; sourceTree = "<group>"; };
/* End PBXFileReference section */

/* Begin PBXFrameworksBuildPhase section */
		8E166DF22085F2A8004554B3 /* Frameworks */ = {
			isa = PBXFrameworksBuildPhase;
			buildActionMask = 2147483647;
			files = (
				DAD7667118CA2DA83869D242 /* Pods_BeautyCamera.framework in Frameworks */,
			);
			runOnlyForDeploymentPostprocessing = 0;
		};
/* End PBXFrameworksBuildPhase section */

/* Begin PBXGroup section */
		386AAC20582C46B04257755A /* Frameworks */ = {
			isa = PBXGroup;
			children = (
				51B54DA2339EA6F911E63700 /* Pods_BeautyCamera.framework */,
			);
			name = Frameworks;
			sourceTree = "<group>";
		};
		8E166DEC2085F2A8004554B3 = {
			isa = PBXGroup;
			children = (
				8E166DF72085F2A8004554B3 /* BeautyCamera */,
				8E166DF62085F2A8004554B3 /* Products */,
				B906EEBC46B510075826306D /* Pods */,
				386AAC20582C46B04257755A /* Frameworks */,
			);
			sourceTree = "<group>";
		};
		8E166DF62085F2A8004554B3 /* Products */ = {
			isa = PBXGroup;
			children = (
				8E166DF52085F2A8004554B3 /* BeautyCamera.app */,
			);
			name = Products;
			sourceTree = "<group>";
		};
		8E166DF72085F2A8004554B3 /* BeautyCamera */ = {
			isa = PBXGroup;
			children = (
				8E166DF82085F2A8004554B3 /* AppDelegate.swift */,
				8E166DFA2085F2A8004554B3 /* ViewController.swift */,
				8E166DFC2085F2A8004554B3 /* Main.storyboard */,
				8E166DFF2085F2A9004554B3 /* Assets.xcassets */,
				8E166E012085F2A9004554B3 /* LaunchScreen.storyboard */,
				8E166E042085F2A9004554B3 /* Info.plist */,
			);
			path = BeautyCamera;
			sourceTree = "<group>";
		};
		B906EEBC46B510075826306D /* Pods */ = {
			isa = PBXGroup;
			children = (
				7001C5CF4D252DC1CAF49DF5 /* Pods-BeautyCamera.debug.xcconfig */,
				DF9EFD9355F732481B015113 /* Pods-BeautyCamera.release.xcconfig */,
			);
			name = Pods;
			sourceTree = "<group>";
		};
/* End PBXGroup section */

/* Begin PBXNativeTarget section */
		8E166DF42085F2A8004554B3 /* BeautyCamera */ = {
			isa = PBXNativeTarget;
			buildConfigurationList = 8E166E072085F2A9004554B3 /* Build configuration list for PBXNativeTarget "BeautyCamera" */;
			buildPhases = (
				29CD7D0D1F1E9CA538001905 /* [CP] Check Pods Manifest.lock */,
				8E166DF12085F2A8004554B3 /* Sources */,
				8E166DF22085F2A8004554B3 /* Frameworks */,
				8E166DF32085F2A8004554B3 /* Resources */,
				D978FE6395E4EC822E6E595B /* [CP] Embed Pods Frameworks */,
			);
			buildRules = (
			);
			dependencies = (
			);
			name = BeautyCamera;
			productName = BeautyCamera;
			productReference = 8E166DF52085F2A8004554B3 /* BeautyCamera.app */;
			productType = "com.apple.product-type.application";
		};
/* End PBXNativeTarget section */

/* Begin PBXProject section */
		8E166DED2085F2A8004554B3 /* Project object */ = {
			isa = PBXProject;
			attributes = {
				LastSwiftUpdateCheck = 0930;
				LastUpgradeCheck = 0930;
				ORGANIZATIONNAME = Ocean;
				TargetAttributes = {
					8E166DF42085F2A8004554B3 = {
						CreatedOnToolsVersion = 9.3;
					};
				};
			};
			buildConfigurationList = 8E166DF02085F2A8004554B3 /* Build configuration list for PBXProject "BeautyCamera" */;
			compatibilityVersion = "Xcode 9.3";
			developmentRegion = en;
			hasScannedForEncodings = 0;
			knownRegions = (
				en,
				Base,
			);
			mainGroup = 8E166DEC2085F2A8004554B3;
			productRefGroup = 8E166DF62085F2A8004554B3 /* Products */;
			projectDirPath = "";
			projectRoot = "";
			targets = (
				8E166DF42085F2A8004554B3 /* BeautyCamera */,
			);
		};
/* End PBXProject section */

/* Begin PBXResourcesBuildPhase section */
		8E166DF32085F2A8004554B3 /* Resources */ = {
			isa = PBXResourcesBuildPhase;
			buildActionMask = 2147483647;
			files = (
				8E166E032085F2A9004554B3 /* LaunchScreen.storyboard in Resources */,
				8E166E002085F2A9004554B3 /* Assets.xcassets in Resources */,
				8E166DFE2085F2A8004554B3 /* Main.storyboard in Resources */,
			);
			runOnlyForDeploymentPostprocessing = 0;
		};
/* End PBXResourcesBuildPhase section */

/* Begin PBXShellScriptBuildPhase section */
		29CD7D0D1F1E9CA538001905 /* [CP] Check Pods Manifest.lock */ = {
			isa = PBXShellScriptBuildPhase;
			buildActionMask = 2147483647;
			files = (
			);
			inputPaths = (
				"${PODS_PODFILE_DIR_PATH}/Podfile.lock",
				"${PODS_ROOT}/Manifest.lock",
			);
			name = "[CP] Check Pods Manifest.lock";
			outputPaths = (
				"$(DERIVED_FILE_DIR)/Pods-BeautyCamera-checkManifestLockResult.txt",
			);
			runOnlyForDeploymentPostprocessing = 0;
			shellPath = /bin/sh;
			shellScript = "diff \"${PODS_PODFILE_DIR_PATH}/Podfile.lock\" \"${PODS_ROOT}/Manifest.lock\" > /dev/null\nif [ $? != 0 ] ; then\n    # print error to STDERR\n    echo \"error: The sandbox is not in sync with the Podfile.lock. Run 'pod install' or update your CocoaPods installation.\" >&2\n    exit 1\nfi\n# This output is used by Xcode 'outputs' to avoid re-running this script phase.\necho \"SUCCESS\" > \"${SCRIPT_OUTPUT_FILE_0}\"\n";
			showEnvVarsInLog = 0;
		};
		D978FE6395E4EC822E6E595B /* [CP] Embed Pods Frameworks */ = {
			isa = PBXShellScriptBuildPhase;
			buildActionMask = 2147483647;
			files = (
			);
			inputPaths = (
				"${SRCROOT}/Pods/Target Support Files/Pods-BeautyCamera/Pods-BeautyCamera-frameworks.sh",
				"${BUILT_PRODUCTS_DIR}/GPUImage/GPUImage.framework",
			);
			name = "[CP] Embed Pods Frameworks";
			outputPaths = (
				"${TARGET_BUILD_DIR}/${FRAMEWORKS_FOLDER_PATH}/GPUImage.framework",
			);
			runOnlyForDeploymentPostprocessing = 0;
			shellPath = /bin/sh;
			shellScript = "\"${SRCROOT}/Pods/Target Support Files/Pods-BeautyCamera/Pods-BeautyCamera-frameworks.sh\"\n";
			showEnvVarsInLog = 0;
		};
/* End PBXShellScriptBuildPhase section */

/* Begin PBXSourcesBuildPhase section */
		8E166DF12085F2A8004554B3 /* Sources */ = {
			isa = PBXSourcesBuildPhase;
			buildActionMask = 2147483647;
			files = (
				8E166DFB2085F2A8004554B3 /* ViewController.swift in Sources */,
				8E166DF92085F2A8004554B3 /* AppDelegate.swift in Sources */,
			);
			runOnlyForDeploymentPostprocessing = 0;
		};
/* End PBXSourcesBuildPhase section */

/* Begin PBXVariantGroup section */
		8E166DFC2085F2A8004554B3 /* Main.storyboard */ = {
			isa = PBXVariantGroup;
			children = (
				8E166DFD2085F2A8004554B3 /* Base */,
			);
			name = Main.storyboard;
			sourceTree = "<group>";
		};
		8E166E012085F2A9004554B3 /* LaunchScreen.storyboard */ = {
			isa = PBXVariantGroup;
			children = (
				8E166E022085F2A9004554B3 /* Base */,
			);
			name = LaunchScreen.storyboard;
			sourceTree = "<group>";
		};
/* End PBXVariantGroup section */

/* Begin XCBuildConfiguration section */
		8E166E052085F2A9004554B3 /* Debug */ = {
			isa = XCBuildConfiguration;
			buildSettings = {
				ALWAYS_SEARCH_USER_PATHS = NO;
				CLANG_ANALYZER_NONNULL = YES;
				CLANG_ANALYZER_NUMBER_OBJECT_CONVERSION = YES_AGGRESSIVE;
				CLANG_CXX_LANGUAGE_STANDARD = "gnu++14";
				CLANG_CXX_LIBRARY = "libc++";
				CLANG_ENABLE_MODULES = YES;
				CLANG_ENABLE_OBJC_ARC = YES;
				CLANG_ENABLE_OBJC_WEAK = YES;
				CLANG_WARN_BLOCK_CAPTURE_AUTORELEASING = YES;
				CLANG_WARN_BOOL_CONVERSION = YES;
				CLANG_WARN_COMMA = YES;
				CLANG_WARN_CONSTANT_CONVERSION = YES;
				CLANG_WARN_DEPRECATED_OBJC_IMPLEMENTATIONS = YES;
				CLANG_WARN_DIRECT_OBJC_ISA_USAGE = YES_ERROR;
				CLANG_WARN_DOCUMENTATION_COMMENTS = YES;
				CLANG_WARN_EMPTY_BODY = YES;
				CLANG_WARN_ENUM_CONVERSION = YES;
				CLANG_WARN_INFINITE_RECURSION = YES;
				CLANG_WARN_INT_CONVERSION = YES;
				CLANG_WARN_NON_LITERAL_NULL_CONVERSION = YES;
				CLANG_WARN_OBJC_IMPLICIT_RETAIN_SELF = YES;
				CLANG_WARN_OBJC_LITERAL_CONVERSION = YES;
				CLANG_WARN_OBJC_ROOT_CLASS = YES_ERROR;
				CLANG_WARN_RANGE_LOOP_ANALYSIS = YES;
				CLANG_WARN_STRICT_PROTOTYPES = YES;
				CLANG_WARN_SUSPICIOUS_MOVE = YES;
				CLANG_WARN_UNGUARDED_AVAILABILITY = YES_AGGRESSIVE;
				CLANG_WARN_UNREACHABLE_CODE = YES;
				CLANG_WARN__DUPLICATE_METHOD_MATCH = YES;
				CODE_SIGN_IDENTITY = "iPhone Developer";
				COPY_PHASE_STRIP = NO;
				DEBUG_INFORMATION_FORMAT = dwarf;
				ENABLE_STRICT_OBJC_MSGSEND = YES;
				ENABLE_TESTABILITY = YES;
				GCC_C_LANGUAGE_STANDARD = gnu11;
				GCC_DYNAMIC_NO_PIC = NO;
				GCC_NO_COMMON_BLOCKS = YES;
				GCC_OPTIMIZATION_LEVEL = 0;
				GCC_PREPROCESSOR_DEFINITIONS = (
					"DEBUG=1",
					"$(inherited)",
				);
				GCC_WARN_64_TO_32_BIT_CONVERSION = YES;
				GCC_WARN_ABOUT_RETURN_TYPE = YES_ERROR;
				GCC_WARN_UNDECLARED_SELECTOR = YES;
				GCC_WARN_UNINITIALIZED_AUTOS = YES_AGGRESSIVE;
				GCC_WARN_UNUSED_FUNCTION = YES;
				GCC_WARN_UNUSED_VARIABLE = YES;
				IPHONEOS_DEPLOYMENT_TARGET = 11.3;
				MTL_ENABLE_DEBUG_INFO = YES;
				ONLY_ACTIVE_ARCH = YES;
				SDKROOT = iphoneos;
				SWIFT_ACTIVE_COMPILATION_CONDITIONS = DEBUG;
				SWIFT_OPTIMIZATION_LEVEL = "-Onone";
			};
			name = Debug;
		};
		8E166E062085F2A9004554B3 /* Release */ = {
			isa = XCBuildConfiguration;
			buildSettings = {
				ALWAYS_SEARCH_USER_PATHS = NO;
				CLANG_ANALYZER_NONNULL = YES;
				CLANG_ANALYZER_NUMBER_OBJECT_CONVERSION = YES_AGGRESSIVE;
				CLANG_CXX_LANGUAGE_STANDARD = "gnu++14";
				CLANG_CXX_LIBRARY = "libc++";
				CLANG_ENABLE_MODULES = YES;
				CLANG_ENABLE_OBJC_ARC = YES;
				CLANG_ENABLE_OBJC_WEAK = YES;
				CLANG_WARN_BLOCK_CAPTURE_AUTORELEASING = YES;
				CLANG_WARN_BOOL_CONVERSION = YES;
				CLANG_WARN_COMMA = YES;
				CLANG_WARN_CONSTANT_CONVERSION = YES;
				CLANG_WARN_DEPRECATED_OBJC_IMPLEMENTATIONS = YES;
				CLANG_WARN_DIRECT_OBJC_ISA_USAGE = YES_ERROR;
				CLANG_WARN_DOCUMENTATION_COMMENTS = YES;
				CLANG_WARN_EMPTY_BODY = YES;
				CLANG_WARN_ENUM_CONVERSION = YES;
				CLANG_WARN_INFINITE_RECURSION = YES;
				CLANG_WARN_INT_CONVERSION = YES;
				CLANG_WARN_NON_LITERAL_NULL_CONVERSION = YES;
				CLANG_WARN_OBJC_IMPLICIT_RETAIN_SELF = YES;
				CLANG_WARN_OBJC_LITERAL_CONVERSION = YES;
				CLANG_WARN_OBJC_ROOT_CLASS = YES_ERROR;
				CLANG_WARN_RANGE_LOOP_ANALYSIS = YES;
				CLANG_WARN_STRICT_PROTOTYPES = YES;
				CLANG_WARN_SUSPICIOUS_MOVE = YES;
				CLANG_WARN_UNGUARDED_AVAILABILITY = YES_AGGRESSIVE;
				CLANG_WARN_UNREACHABLE_CODE = YES;
				CLANG_WARN__DUPLICATE_METHOD_MATCH = YES;
				CODE_SIGN_IDENTITY = "iPhone Developer";
				COPY_PHASE_STRIP = NO;
				DEBUG_INFORMATION_FORMAT = "dwarf-with-dsym";
				ENABLE_NS_ASSERTIONS = NO;
				ENABLE_STRICT_OBJC_MSGSEND = YES;
				GCC_C_LANGUAGE_STANDARD = gnu11;
				GCC_NO_COMMON_BLOCKS = YES;
				GCC_WARN_64_TO_32_BIT_CONVERSION = YES;
				GCC_WARN_ABOUT_RETURN_TYPE = YES_ERROR;
				GCC_WARN_UNDECLARED_SELECTOR = YES;
				GCC_WARN_UNINITIALIZED_AUTOS = YES_AGGRESSIVE;
				GCC_WARN_UNUSED_FUNCTION = YES;
				GCC_WARN_UNUSED_VARIABLE = YES;
				IPHONEOS_DEPLOYMENT_TARGET = 11.3;
				MTL_ENABLE_DEBUG_INFO = NO;
				SDKROOT = iphoneos;
				SWIFT_COMPILATION_MODE = wholemodule;
				SWIFT_OPTIMIZATION_LEVEL = "-O";
				VALIDATE_PRODUCT = YES;
			};
			name = Release;
		};
		8E166E082085F2A9004554B3 /* Debug */ = {
			isa = XCBuildConfiguration;
			baseConfigurationReference = 7001C5CF4D252DC1CAF49DF5 /* Pods-BeautyCamera.debug.xcconfig */;
			buildSettings = {
				ASSETCATALOG_COMPILER_APPICON_NAME = AppIcon;
				CODE_SIGN_STYLE = Automatic;
				DEVELOPMENT_TEAM = C2N4S9LMMS;
				INFOPLIST_FILE = BeautyCamera/Info.plist;
				LD_RUNPATH_SEARCH_PATHS = (
					"$(inherited)",
					"@executable_path/Frameworks",
				);
				PRODUCT_BUNDLE_IDENTIFIER = com.TV;
				PRODUCT_NAME = "$(TARGET_NAME)";
				SWIFT_VERSION = 4.0;
				TARGETED_DEVICE_FAMILY = "1,2";
			};
			name = Debug;
		};
		8E166E092085F2A9004554B3 /* Release */ = {
			isa = XCBuildConfiguration;
			baseConfigurationReference = DF9EFD9355F732481B015113 /* Pods-BeautyCamera.release.xcconfig */;
			buildSettings = {
				ASSETCATALOG_COMPILER_APPICON_NAME = AppIcon;
				CODE_SIGN_STYLE = Automatic;
				DEVELOPMENT_TEAM = C2N4S9LMMS;
				INFOPLIST_FILE = BeautyCamera/Info.plist;
				LD_RUNPATH_SEARCH_PATHS = (
					"$(inherited)",
					"@executable_path/Frameworks",
				);
				PRODUCT_BUNDLE_IDENTIFIER = com.TV;
				PRODUCT_NAME = "$(TARGET_NAME)";
				SWIFT_VERSION = 4.0;
				TARGETED_DEVICE_FAMILY = "1,2";
			};
			name = Release;
		};
/* End XCBuildConfiguration section */

/* Begin XCConfigurationList section */
		8E166DF02085F2A8004554B3 /* Build configuration list for PBXProject "BeautyCamera" */ = {
			isa = XCConfigurationList;
			buildConfigurations = (
				8E166E052085F2A9004554B3 /* Debug */,
				8E166E062085F2A9004554B3 /* Release */,
			);
			defaultConfigurationIsVisible = 0;
			defaultConfigurationName = Release;
		};
		8E166E072085F2A9004554B3 /* Build configuration list for PBXNativeTarget "BeautyCamera" */ = {
			isa = XCConfigurationList;
			buildConfigurations = (
				8E166E082085F2A9004554B3 /* Debug */,
				8E166E092085F2A9004554B3 /* Release */,
			);
			defaultConfigurationIsVisible = 0;
			defaultConfigurationName = Release;
		};
/* End XCConfigurationList section */
	};
	rootObject = 8E166DED2085F2A8004554B3 /* Project object */;
}
